// !$*UTF8*$!
{
	archiveVersion = 1;
	classes = {
	};
	objectVersion = 51;
	objects = {

/* Begin PBXBuildFile section */
		365F8494248FFC2A0023CAE3 /* ToastView.swift in Sources */ = {isa = PBXBuildFile; fileRef = 365F8493248FFC290023CAE3 /* ToastView.swift */; };
		365F8496249006200023CAE3 /* CALayer+Addition.swift in Sources */ = {isa = PBXBuildFile; fileRef = 365F8495249006200023CAE3 /* CALayer+Addition.swift */; };
		365FA2DC24A06B79000FFEA5 /* MarkerInfo.swift in Sources */ = {isa = PBXBuildFile; fileRef = 365FA2DB24A06B79000FFEA5 /* MarkerInfo.swift */; };
		365FA2DE24A06B82000FFEA5 /* MarkerInfo.xib in Resources */ = {isa = PBXBuildFile; fileRef = 365FA2DD24A06B82000FFEA5 /* MarkerInfo.xib */; };
		365FA2E024A0E594000FFEA5 /* CoreDataStorage.swift in Sources */ = {isa = PBXBuildFile; fileRef = 365FA2DF24A0E594000FFEA5 /* CoreDataStorage.swift */; };
		365FA2E324A103E7000FFEA5 /* AppDelegate+Setup.swift in Sources */ = {isa = PBXBuildFile; fileRef = 365FA2E224A103E7000FFEA5 /* AppDelegate+Setup.swift */; };
		365FA2E724A108D3000FFEA5 /* AppGlobalRepositoryType.swift in Sources */ = {isa = PBXBuildFile; fileRef = 365FA2E624A108D3000FFEA5 /* AppGlobalRepositoryType.swift */; };
		365FA2EB24A113FF000FFEA5 /* StationInteractor.swift in Sources */ = {isa = PBXBuildFile; fileRef = 365FA2EA24A113FF000FFEA5 /* StationInteractor.swift */; };
		3660D8B424A4EE7F0029AE11 /* BaseTableView.swift in Sources */ = {isa = PBXBuildFile; fileRef = 3660D8B324A4EE7F0029AE11 /* BaseTableView.swift */; };
		366A94E0248FDA230076C56F /* MapKit.framework in Frameworks */ = {isa = PBXBuildFile; fileRef = 366A94DF248FDA230076C56F /* MapKit.framework */; };
		367C2B60248A0C6F009111E7 /* FavoriteViewController.swift in Sources */ = {isa = PBXBuildFile; fileRef = 367C2B5F248A0C6F009111E7 /* FavoriteViewController.swift */; };
		367C2B62248A101B009111E7 /* BaseViewModel.swift in Sources */ = {isa = PBXBuildFile; fileRef = 367C2B61248A101B009111E7 /* BaseViewModel.swift */; };
		367C2B64248A1070009111E7 /* ViewModelType.swift in Sources */ = {isa = PBXBuildFile; fileRef = 367C2B63248A1070009111E7 /* ViewModelType.swift */; };
		367C2B66248A1134009111E7 /* HomeTabBarViewModel.swift in Sources */ = {isa = PBXBuildFile; fileRef = 367C2B65248A1134009111E7 /* HomeTabBarViewModel.swift */; };
		367C2B6A248A1655009111E7 /* FavoriteViewModel.swift in Sources */ = {isa = PBXBuildFile; fileRef = 367C2B69248A1655009111E7 /* FavoriteViewModel.swift */; };
		367C2B6C248A1779009111E7 /* UserInfoViewController.swift in Sources */ = {isa = PBXBuildFile; fileRef = 367C2B6B248A1779009111E7 /* UserInfoViewController.swift */; };
		367C2B6E248A1783009111E7 /* UserInfoViewModel.swift in Sources */ = {isa = PBXBuildFile; fileRef = 367C2B6D248A1783009111E7 /* UserInfoViewModel.swift */; };
		367C2B70248A17BC009111E7 /* StationMapViewController.swift in Sources */ = {isa = PBXBuildFile; fileRef = 367C2B6F248A17BC009111E7 /* StationMapViewController.swift */; };
		367C2B72248A17C4009111E7 /* StationMapViewModel.swift in Sources */ = {isa = PBXBuildFile; fileRef = 367C2B71248A17C4009111E7 /* StationMapViewModel.swift */; };
		367C2B74248A1A58009111E7 /* BaseViewController.swift in Sources */ = {isa = PBXBuildFile; fileRef = 367C2B73248A1A58009111E7 /* BaseViewController.swift */; };
		367C2B78248A1FA3009111E7 /* Obervable+Operator.swift in Sources */ = {isa = PBXBuildFile; fileRef = 367C2B77248A1FA3009111E7 /* Obervable+Operator.swift */; };
		367C2B7B248A23EF009111E7 /* AuthManager.swift in Sources */ = {isa = PBXBuildFile; fileRef = 367C2B7A248A23EF009111E7 /* AuthManager.swift */; };
		367C2B7D248A32A6009111E7 /* BaseNavigationController.swift in Sources */ = {isa = PBXBuildFile; fileRef = 367C2B7C248A32A6009111E7 /* BaseNavigationController.swift */; };
		367C2B80248AC28E009111E7 /* AppConfiguration.swift in Sources */ = {isa = PBXBuildFile; fileRef = 367C2B7F248AC28E009111E7 /* AppConfiguration.swift */; };
		367C2B82248AC2AC009111E7 /* AppConfiguration.plist in Resources */ = {isa = PBXBuildFile; fileRef = 367C2B81248AC2AC009111E7 /* AppConfiguration.plist */; };
		367C2B84248AC55C009111E7 /* AppInfo.swift in Sources */ = {isa = PBXBuildFile; fileRef = 367C2B83248AC55C009111E7 /* AppInfo.swift */; };
		367C2B86248AD06D009111E7 /* AppConfiguration+Naver.swift in Sources */ = {isa = PBXBuildFile; fileRef = 367C2B85248AD06D009111E7 /* AppConfiguration+Naver.swift */; };
		367C2B89248E7F44009111E7 /* UIView+Addition.swift in Sources */ = {isa = PBXBuildFile; fileRef = 367C2B88248E7F44009111E7 /* UIView+Addition.swift */; };
		367C2B8C248E9DC7009111E7 /* AppTheme.swift in Sources */ = {isa = PBXBuildFile; fileRef = 367C2B8B248E9DC7009111E7 /* AppTheme.swift */; };
		367C2B8E248E9E06009111E7 /* ThemeColor.swift in Sources */ = {isa = PBXBuildFile; fileRef = 367C2B8D248E9E06009111E7 /* ThemeColor.swift */; };
		367C2B90248E9E51009111E7 /* UIColor+Addition.swift in Sources */ = {isa = PBXBuildFile; fileRef = 367C2B8F248E9E51009111E7 /* UIColor+Addition.swift */; };
		367C2B92248EA468009111E7 /* LocationManager.swift in Sources */ = {isa = PBXBuildFile; fileRef = 367C2B91248EA468009111E7 /* LocationManager.swift */; };
		367C2B97248EB6C7009111E7 /* LocationInteractor.swift in Sources */ = {isa = PBXBuildFile; fileRef = 367C2B96248EB6C7009111E7 /* LocationInteractor.swift */; };
		36C37F052487DBEE00DF3145 /* AppDelegate.swift in Sources */ = {isa = PBXBuildFile; fileRef = 36C37F042487DBEE00DF3145 /* AppDelegate.swift */; };
		36C37F0C2487DBEF00DF3145 /* Main.storyboard in Resources */ = {isa = PBXBuildFile; fileRef = 36C37F0A2487DBEF00DF3145 /* Main.storyboard */; };
		36C37F0F2487DBEF00DF3145 /* bicycle.xcdatamodeld in Sources */ = {isa = PBXBuildFile; fileRef = 36C37F0D2487DBEF00DF3145 /* bicycle.xcdatamodeld */; };
		36C37F112487DBF100DF3145 /* Assets.xcassets in Resources */ = {isa = PBXBuildFile; fileRef = 36C37F102487DBF100DF3145 /* Assets.xcassets */; };
		36C37F142487DBF100DF3145 /* LaunchScreen.storyboard in Resources */ = {isa = PBXBuildFile; fileRef = 36C37F122487DBF100DF3145 /* LaunchScreen.storyboard */; };
		36C37F1F2487DBF100DF3145 /* bicycleTests.swift in Sources */ = {isa = PBXBuildFile; fileRef = 36C37F1E2487DBF100DF3145 /* bicycleTests.swift */; };
		36C37F2A2487DBF100DF3145 /* bicycleUITests.swift in Sources */ = {isa = PBXBuildFile; fileRef = 36C37F292487DBF100DF3145 /* bicycleUITests.swift */; };
		36C37F3B2487F27500DF3145 /* AppConstant.swift in Sources */ = {isa = PBXBuildFile; fileRef = 36C37F3A2487F27500DF3145 /* AppConstant.swift */; };
		36C37F3D2487F28100DF3145 /* Navigator.swift in Sources */ = {isa = PBXBuildFile; fileRef = 36C37F3C2487F28100DF3145 /* Navigator.swift */; };
		36C37F462489076300DF3145 /* HomeTabBarController.swift in Sources */ = {isa = PBXBuildFile; fileRef = 36C37F452489076300DF3145 /* HomeTabBarController.swift */; };
		36C4537624936E1D00164052 /* SeoulBicycleAPI.swift in Sources */ = {isa = PBXBuildFile; fileRef = 36C4537524936E1D00164052 /* SeoulBicycleAPI.swift */; };
		36D293A724A5A7A400C7155F /* SearchedStationCell.swift in Sources */ = {isa = PBXBuildFile; fileRef = 36D293A624A5A7A400C7155F /* SearchedStationCell.swift */; };
		36D293A924A5A88300C7155F /* BaseTableViewCell.swift in Sources */ = {isa = PBXBuildFile; fileRef = 36D293A824A5A88300C7155F /* BaseTableViewCell.swift */; };
		36D293AB24A5DFE300C7155F /* Notification+Rx.swift in Sources */ = {isa = PBXBuildFile; fileRef = 36D293AA24A5DFE300C7155F /* Notification+Rx.swift */; };
		36D293AD24A647BA00C7155F /* Common+Addition.swift in Sources */ = {isa = PBXBuildFile; fileRef = 36D293AC24A647BA00C7155F /* Common+Addition.swift */; };
		36D293AF24A8F5A600C7155F /* FavoriteCell.swift in Sources */ = {isa = PBXBuildFile; fileRef = 36D293AE24A8F5A600C7155F /* FavoriteCell.swift */; };
		36D293B124A9AE9F00C7155F /* AppRepository.swift in Sources */ = {isa = PBXBuildFile; fileRef = 36D293B024A9AE9F00C7155F /* AppRepository.swift */; };
		36DF35882493810E00EDC36D /* AppConfiguration+SeoulBicycle.swift in Sources */ = {isa = PBXBuildFile; fileRef = 36DF35872493810E00EDC36D /* AppConfiguration+SeoulBicycle.swift */; };
		36DF358D2493944100EDC36D /* NetworkService.swift in Sources */ = {isa = PBXBuildFile; fileRef = 36DF358C2493944100EDC36D /* NetworkService.swift */; };
		36DF358F2493949400EDC36D /* NetworkResponse.swift in Sources */ = {isa = PBXBuildFile; fileRef = 36DF358E2493949400EDC36D /* NetworkResponse.swift */; };
		36DF3591249394A600EDC36D /* NetworkError.swift in Sources */ = {isa = PBXBuildFile; fileRef = 36DF3590249394A600EDC36D /* NetworkError.swift */; };
		36DF35932493986D00EDC36D /* Data+Decode.swift in Sources */ = {isa = PBXBuildFile; fileRef = 36DF35922493986D00EDC36D /* Data+Decode.swift */; };
		36DF359524939CE300EDC36D /* SeoulBicycleErrorModel.swift in Sources */ = {isa = PBXBuildFile; fileRef = 36DF359424939CE300EDC36D /* SeoulBicycleErrorModel.swift */; };
		36DF359824939D5E00EDC36D /* DebugPrint.swift in Sources */ = {isa = PBXBuildFile; fileRef = 36DF359724939D5E00EDC36D /* DebugPrint.swift */; };
		36DF359A2493A04A00EDC36D /* SeoulBicycleInteractor.swift in Sources */ = {isa = PBXBuildFile; fileRef = 36DF35992493A04A00EDC36D /* SeoulBicycleInteractor.swift */; };
		36DF359C2493A0DC00EDC36D /* StationModel.swift in Sources */ = {isa = PBXBuildFile; fileRef = 36DF359B2493A0DC00EDC36D /* StationModel.swift */; };
		36DF35A12494646600EDC36D /* JeonggamDisplay.ttf in Resources */ = {isa = PBXBuildFile; fileRef = 36DF359F2494639100EDC36D /* JeonggamDisplay.ttf */; };
		36DF35A32494652D00EDC36D /* ThemeFont.swift in Sources */ = {isa = PBXBuildFile; fileRef = 36DF35A22494652D00EDC36D /* ThemeFont.swift */; };
		36DF35A6249A473400EDC36D /* GoogleService-Info.plist in Resources */ = {isa = PBXBuildFile; fileRef = 36DF35A5249A473400EDC36D /* GoogleService-Info.plist */; };
		36DF35AB249A74B100EDC36D /* StationSearchViewController.swift in Sources */ = {isa = PBXBuildFile; fileRef = 36DF35AA249A74B100EDC36D /* StationSearchViewController.swift */; };
		36DF35AD249A74BD00EDC36D /* StationSearchViewModel.swift in Sources */ = {isa = PBXBuildFile; fileRef = 36DF35AC249A74BD00EDC36D /* StationSearchViewModel.swift */; };
		36DF35AF249A80D800EDC36D /* Transitionable.swift in Sources */ = {isa = PBXBuildFile; fileRef = 36DF35AE249A80D800EDC36D /* Transitionable.swift */; };
		36F343EC24A9FD7400902024 /* EmptyView.swift in Sources */ = {isa = PBXBuildFile; fileRef = 36F343EB24A9FD7400902024 /* EmptyView.swift */; };
		9526470FB79F06B765D071B1 /* Pods_bicycle.framework in Frameworks */ = {isa = PBXBuildFile; fileRef = BC76079FE7C8BB35A88A8DB8 /* Pods_bicycle.framework */; };
		9F9B3126496427C9A063027A /* Pods_bicycle_bicycleUITests.framework in Frameworks */ = {isa = PBXBuildFile; fileRef = 4A335979A82BC42B844D2A25 /* Pods_bicycle_bicycleUITests.framework */; };
		B867E1A4C3F1A1386DC2926F /* Pods_bicycleTests.framework in Frameworks */ = {isa = PBXBuildFile; fileRef = 508096FC6B142CDE42108879 /* Pods_bicycleTests.framework */; };
/* End PBXBuildFile section */

/* Begin PBXContainerItemProxy section */
		36C37F1B2487DBF100DF3145 /* PBXContainerItemProxy */ = {
			isa = PBXContainerItemProxy;
			containerPortal = 36C37EF92487DBEE00DF3145 /* Project object */;
			proxyType = 1;
			remoteGlobalIDString = 36C37F002487DBEE00DF3145;
			remoteInfo = bicycle;
		};
		36C37F262487DBF100DF3145 /* PBXContainerItemProxy */ = {
			isa = PBXContainerItemProxy;
			containerPortal = 36C37EF92487DBEE00DF3145 /* Project object */;
			proxyType = 1;
			remoteGlobalIDString = 36C37F002487DBEE00DF3145;
			remoteInfo = bicycle;
		};
/* End PBXContainerItemProxy section */

/* Begin PBXFileReference section */
		08CD4F7BD4B2082C5B8C3FE6 /* Pods-bicycle-bicycleUITests.release.xcconfig */ = {isa = PBXFileReference; includeInIndex = 1; lastKnownFileType = text.xcconfig; name = "Pods-bicycle-bicycleUITests.release.xcconfig"; path = "Target Support Files/Pods-bicycle-bicycleUITests/Pods-bicycle-bicycleUITests.release.xcconfig"; sourceTree = "<group>"; };
		1E5BF0C6F85F43CB29CEDD57 /* Pods-bicycleTests.debug.xcconfig */ = {isa = PBXFileReference; includeInIndex = 1; lastKnownFileType = text.xcconfig; name = "Pods-bicycleTests.debug.xcconfig"; path = "Target Support Files/Pods-bicycleTests/Pods-bicycleTests.debug.xcconfig"; sourceTree = "<group>"; };
		2B07272FC1AC75A257109B72 /* Pods-bicycleTests.release.xcconfig */ = {isa = PBXFileReference; includeInIndex = 1; lastKnownFileType = text.xcconfig; name = "Pods-bicycleTests.release.xcconfig"; path = "Target Support Files/Pods-bicycleTests/Pods-bicycleTests.release.xcconfig"; sourceTree = "<group>"; };
		365F8493248FFC290023CAE3 /* ToastView.swift */ = {isa = PBXFileReference; lastKnownFileType = sourcecode.swift; path = ToastView.swift; sourceTree = "<group>"; };
		365F8495249006200023CAE3 /* CALayer+Addition.swift */ = {isa = PBXFileReference; lastKnownFileType = sourcecode.swift; path = "CALayer+Addition.swift"; sourceTree = "<group>"; };
		365FA2DB24A06B79000FFEA5 /* MarkerInfo.swift */ = {isa = PBXFileReference; lastKnownFileType = sourcecode.swift; path = MarkerInfo.swift; sourceTree = "<group>"; };
		365FA2DD24A06B82000FFEA5 /* MarkerInfo.xib */ = {isa = PBXFileReference; lastKnownFileType = file.xib; path = MarkerInfo.xib; sourceTree = "<group>"; };
		365FA2DF24A0E594000FFEA5 /* CoreDataStorage.swift */ = {isa = PBXFileReference; lastKnownFileType = sourcecode.swift; path = CoreDataStorage.swift; sourceTree = "<group>"; };
		365FA2E224A103E7000FFEA5 /* AppDelegate+Setup.swift */ = {isa = PBXFileReference; lastKnownFileType = sourcecode.swift; path = "AppDelegate+Setup.swift"; sourceTree = "<group>"; };
		365FA2E624A108D3000FFEA5 /* AppGlobalRepositoryType.swift */ = {isa = PBXFileReference; lastKnownFileType = sourcecode.swift; path = AppGlobalRepositoryType.swift; sourceTree = "<group>"; };
		365FA2EA24A113FF000FFEA5 /* StationInteractor.swift */ = {isa = PBXFileReference; lastKnownFileType = sourcecode.swift; path = StationInteractor.swift; sourceTree = "<group>"; };
		3660D8B324A4EE7F0029AE11 /* BaseTableView.swift */ = {isa = PBXFileReference; lastKnownFileType = sourcecode.swift; path = BaseTableView.swift; sourceTree = "<group>"; };
		366A94DF248FDA230076C56F /* MapKit.framework */ = {isa = PBXFileReference; lastKnownFileType = wrapper.framework; name = MapKit.framework; path = System/Library/Frameworks/MapKit.framework; sourceTree = SDKROOT; };
		367C2B5F248A0C6F009111E7 /* FavoriteViewController.swift */ = {isa = PBXFileReference; lastKnownFileType = sourcecode.swift; path = FavoriteViewController.swift; sourceTree = "<group>"; };
		367C2B61248A101B009111E7 /* BaseViewModel.swift */ = {isa = PBXFileReference; lastKnownFileType = sourcecode.swift; path = BaseViewModel.swift; sourceTree = "<group>"; };
		367C2B63248A1070009111E7 /* ViewModelType.swift */ = {isa = PBXFileReference; lastKnownFileType = sourcecode.swift; path = ViewModelType.swift; sourceTree = "<group>"; };
		367C2B65248A1134009111E7 /* HomeTabBarViewModel.swift */ = {isa = PBXFileReference; lastKnownFileType = sourcecode.swift; path = HomeTabBarViewModel.swift; sourceTree = "<group>"; };
		367C2B69248A1655009111E7 /* FavoriteViewModel.swift */ = {isa = PBXFileReference; lastKnownFileType = sourcecode.swift; path = FavoriteViewModel.swift; sourceTree = "<group>"; };
		367C2B6B248A1779009111E7 /* UserInfoViewController.swift */ = {isa = PBXFileReference; lastKnownFileType = sourcecode.swift; path = UserInfoViewController.swift; sourceTree = "<group>"; };
		367C2B6D248A1783009111E7 /* UserInfoViewModel.swift */ = {isa = PBXFileReference; lastKnownFileType = sourcecode.swift; path = UserInfoViewModel.swift; sourceTree = "<group>"; };
		367C2B6F248A17BC009111E7 /* StationMapViewController.swift */ = {isa = PBXFileReference; lastKnownFileType = sourcecode.swift; path = StationMapViewController.swift; sourceTree = "<group>"; };
		367C2B71248A17C4009111E7 /* StationMapViewModel.swift */ = {isa = PBXFileReference; lastKnownFileType = sourcecode.swift; path = StationMapViewModel.swift; sourceTree = "<group>"; };
		367C2B73248A1A58009111E7 /* BaseViewController.swift */ = {isa = PBXFileReference; lastKnownFileType = sourcecode.swift; path = BaseViewController.swift; sourceTree = "<group>"; };
		367C2B77248A1FA3009111E7 /* Obervable+Operator.swift */ = {isa = PBXFileReference; lastKnownFileType = sourcecode.swift; path = "Obervable+Operator.swift"; sourceTree = "<group>"; };
		367C2B7A248A23EF009111E7 /* AuthManager.swift */ = {isa = PBXFileReference; lastKnownFileType = sourcecode.swift; path = AuthManager.swift; sourceTree = "<group>"; };
		367C2B7C248A32A6009111E7 /* BaseNavigationController.swift */ = {isa = PBXFileReference; lastKnownFileType = sourcecode.swift; path = BaseNavigationController.swift; sourceTree = "<group>"; };
		367C2B7F248AC28E009111E7 /* AppConfiguration.swift */ = {isa = PBXFileReference; lastKnownFileType = sourcecode.swift; path = AppConfiguration.swift; sourceTree = "<group>"; };
		367C2B81248AC2AC009111E7 /* AppConfiguration.plist */ = {isa = PBXFileReference; lastKnownFileType = text.plist.xml; path = AppConfiguration.plist; sourceTree = "<group>"; };
		367C2B83248AC55C009111E7 /* AppInfo.swift */ = {isa = PBXFileReference; lastKnownFileType = sourcecode.swift; path = AppInfo.swift; sourceTree = "<group>"; };
		367C2B85248AD06D009111E7 /* AppConfiguration+Naver.swift */ = {isa = PBXFileReference; lastKnownFileType = sourcecode.swift; path = "AppConfiguration+Naver.swift"; sourceTree = "<group>"; };
		367C2B88248E7F44009111E7 /* UIView+Addition.swift */ = {isa = PBXFileReference; lastKnownFileType = sourcecode.swift; path = "UIView+Addition.swift"; sourceTree = "<group>"; };
		367C2B8B248E9DC7009111E7 /* AppTheme.swift */ = {isa = PBXFileReference; lastKnownFileType = sourcecode.swift; path = AppTheme.swift; sourceTree = "<group>"; };
		367C2B8D248E9E06009111E7 /* ThemeColor.swift */ = {isa = PBXFileReference; lastKnownFileType = sourcecode.swift; path = ThemeColor.swift; sourceTree = "<group>"; };
		367C2B8F248E9E51009111E7 /* UIColor+Addition.swift */ = {isa = PBXFileReference; lastKnownFileType = sourcecode.swift; path = "UIColor+Addition.swift"; sourceTree = "<group>"; };
		367C2B91248EA468009111E7 /* LocationManager.swift */ = {isa = PBXFileReference; lastKnownFileType = sourcecode.swift; path = LocationManager.swift; sourceTree = "<group>"; };
		367C2B96248EB6C7009111E7 /* LocationInteractor.swift */ = {isa = PBXFileReference; lastKnownFileType = sourcecode.swift; path = LocationInteractor.swift; sourceTree = "<group>"; };
		36C37F012487DBEE00DF3145 /* 따릉해.app */ = {isa = PBXFileReference; explicitFileType = wrapper.application; includeInIndex = 0; path = "따릉해.app"; sourceTree = BUILT_PRODUCTS_DIR; };
		36C37F042487DBEE00DF3145 /* AppDelegate.swift */ = {isa = PBXFileReference; lastKnownFileType = sourcecode.swift; path = AppDelegate.swift; sourceTree = "<group>"; };
		36C37F0B2487DBEF00DF3145 /* Base */ = {isa = PBXFileReference; lastKnownFileType = file.storyboard; name = Base; path = Base.lproj/Main.storyboard; sourceTree = "<group>"; };
		36C37F0E2487DBEF00DF3145 /* bicycle.xcdatamodel */ = {isa = PBXFileReference; lastKnownFileType = wrapper.xcdatamodel; path = bicycle.xcdatamodel; sourceTree = "<group>"; };
		36C37F102487DBF100DF3145 /* Assets.xcassets */ = {isa = PBXFileReference; lastKnownFileType = folder.assetcatalog; path = Assets.xcassets; sourceTree = "<group>"; };
		36C37F132487DBF100DF3145 /* Base */ = {isa = PBXFileReference; lastKnownFileType = file.storyboard; name = Base; path = Base.lproj/LaunchScreen.storyboard; sourceTree = "<group>"; };
		36C37F152487DBF100DF3145 /* Info.plist */ = {isa = PBXFileReference; lastKnownFileType = text.plist.xml; path = Info.plist; sourceTree = "<group>"; };
		36C37F1A2487DBF100DF3145 /* bicycleTests.xctest */ = {isa = PBXFileReference; explicitFileType = wrapper.cfbundle; includeInIndex = 0; path = bicycleTests.xctest; sourceTree = BUILT_PRODUCTS_DIR; };
		36C37F1E2487DBF100DF3145 /* bicycleTests.swift */ = {isa = PBXFileReference; lastKnownFileType = sourcecode.swift; path = bicycleTests.swift; sourceTree = "<group>"; };
		36C37F202487DBF100DF3145 /* Info.plist */ = {isa = PBXFileReference; lastKnownFileType = text.plist.xml; path = Info.plist; sourceTree = "<group>"; };
		36C37F252487DBF100DF3145 /* bicycleUITests.xctest */ = {isa = PBXFileReference; explicitFileType = wrapper.cfbundle; includeInIndex = 0; path = bicycleUITests.xctest; sourceTree = BUILT_PRODUCTS_DIR; };
		36C37F292487DBF100DF3145 /* bicycleUITests.swift */ = {isa = PBXFileReference; lastKnownFileType = sourcecode.swift; path = bicycleUITests.swift; sourceTree = "<group>"; };
		36C37F2B2487DBF100DF3145 /* Info.plist */ = {isa = PBXFileReference; lastKnownFileType = text.plist.xml; path = Info.plist; sourceTree = "<group>"; };
		36C37F3A2487F27500DF3145 /* AppConstant.swift */ = {isa = PBXFileReference; lastKnownFileType = sourcecode.swift; path = AppConstant.swift; sourceTree = "<group>"; };
		36C37F3C2487F28100DF3145 /* Navigator.swift */ = {isa = PBXFileReference; lastKnownFileType = sourcecode.swift; path = Navigator.swift; sourceTree = "<group>"; };
		36C37F452489076300DF3145 /* HomeTabBarController.swift */ = {isa = PBXFileReference; lastKnownFileType = sourcecode.swift; path = HomeTabBarController.swift; sourceTree = "<group>"; };
		36C4537524936E1D00164052 /* SeoulBicycleAPI.swift */ = {isa = PBXFileReference; lastKnownFileType = sourcecode.swift; path = SeoulBicycleAPI.swift; sourceTree = "<group>"; };
		36D293A624A5A7A400C7155F /* SearchedStationCell.swift */ = {isa = PBXFileReference; lastKnownFileType = sourcecode.swift; path = SearchedStationCell.swift; sourceTree = "<group>"; };
		36D293A824A5A88300C7155F /* BaseTableViewCell.swift */ = {isa = PBXFileReference; lastKnownFileType = sourcecode.swift; path = BaseTableViewCell.swift; sourceTree = "<group>"; };
		36D293AA24A5DFE300C7155F /* Notification+Rx.swift */ = {isa = PBXFileReference; lastKnownFileType = sourcecode.swift; path = "Notification+Rx.swift"; sourceTree = "<group>"; };
		36D293AC24A647BA00C7155F /* Common+Addition.swift */ = {isa = PBXFileReference; lastKnownFileType = sourcecode.swift; path = "Common+Addition.swift"; sourceTree = "<group>"; };
		36D293AE24A8F5A600C7155F /* FavoriteCell.swift */ = {isa = PBXFileReference; lastKnownFileType = sourcecode.swift; path = FavoriteCell.swift; sourceTree = "<group>"; };
		36D293B024A9AE9F00C7155F /* AppRepository.swift */ = {isa = PBXFileReference; lastKnownFileType = sourcecode.swift; path = AppRepository.swift; sourceTree = "<group>"; };
		36DF35872493810E00EDC36D /* AppConfiguration+SeoulBicycle.swift */ = {isa = PBXFileReference; lastKnownFileType = sourcecode.swift; path = "AppConfiguration+SeoulBicycle.swift"; sourceTree = "<group>"; };
		36DF358C2493944100EDC36D /* NetworkService.swift */ = {isa = PBXFileReference; lastKnownFileType = sourcecode.swift; path = NetworkService.swift; sourceTree = "<group>"; };
		36DF358E2493949400EDC36D /* NetworkResponse.swift */ = {isa = PBXFileReference; lastKnownFileType = sourcecode.swift; path = NetworkResponse.swift; sourceTree = "<group>"; };
		36DF3590249394A600EDC36D /* NetworkError.swift */ = {isa = PBXFileReference; lastKnownFileType = sourcecode.swift; path = NetworkError.swift; sourceTree = "<group>"; };
		36DF35922493986D00EDC36D /* Data+Decode.swift */ = {isa = PBXFileReference; lastKnownFileType = sourcecode.swift; path = "Data+Decode.swift"; sourceTree = "<group>"; };
		36DF359424939CE300EDC36D /* SeoulBicycleErrorModel.swift */ = {isa = PBXFileReference; lastKnownFileType = sourcecode.swift; path = SeoulBicycleErrorModel.swift; sourceTree = "<group>"; };
		36DF359724939D5E00EDC36D /* DebugPrint.swift */ = {isa = PBXFileReference; lastKnownFileType = sourcecode.swift; path = DebugPrint.swift; sourceTree = "<group>"; };
		36DF35992493A04A00EDC36D /* SeoulBicycleInteractor.swift */ = {isa = PBXFileReference; lastKnownFileType = sourcecode.swift; path = SeoulBicycleInteractor.swift; sourceTree = "<group>"; };
		36DF359B2493A0DC00EDC36D /* StationModel.swift */ = {isa = PBXFileReference; lastKnownFileType = sourcecode.swift; path = StationModel.swift; sourceTree = "<group>"; };
		36DF359E2493F01700EDC36D /* bicycle.entitlements */ = {isa = PBXFileReference; lastKnownFileType = text.plist.entitlements; path = bicycle.entitlements; sourceTree = "<group>"; };
		36DF359F2494639100EDC36D /* JeonggamDisplay.ttf */ = {isa = PBXFileReference; lastKnownFileType = file; path = JeonggamDisplay.ttf; sourceTree = "<group>"; };
		36DF35A22494652D00EDC36D /* ThemeFont.swift */ = {isa = PBXFileReference; lastKnownFileType = sourcecode.swift; path = ThemeFont.swift; sourceTree = "<group>"; };
		36DF35A5249A473400EDC36D /* GoogleService-Info.plist */ = {isa = PBXFileReference; fileEncoding = 4; lastKnownFileType = text.plist.xml; path = "GoogleService-Info.plist"; sourceTree = "<group>"; };
		36DF35AA249A74B100EDC36D /* StationSearchViewController.swift */ = {isa = PBXFileReference; lastKnownFileType = sourcecode.swift; path = StationSearchViewController.swift; sourceTree = "<group>"; };
		36DF35AC249A74BD00EDC36D /* StationSearchViewModel.swift */ = {isa = PBXFileReference; lastKnownFileType = sourcecode.swift; path = StationSearchViewModel.swift; sourceTree = "<group>"; };
		36DF35AE249A80D800EDC36D /* Transitionable.swift */ = {isa = PBXFileReference; lastKnownFileType = sourcecode.swift; path = Transitionable.swift; sourceTree = "<group>"; };
		36F343EB24A9FD7400902024 /* EmptyView.swift */ = {isa = PBXFileReference; lastKnownFileType = sourcecode.swift; path = EmptyView.swift; sourceTree = "<group>"; };
		4A13FF05ECE08FB4BC3F7913 /* Pods-bicycle-bicycleUITests.debug.xcconfig */ = {isa = PBXFileReference; includeInIndex = 1; lastKnownFileType = text.xcconfig; name = "Pods-bicycle-bicycleUITests.debug.xcconfig"; path = "Target Support Files/Pods-bicycle-bicycleUITests/Pods-bicycle-bicycleUITests.debug.xcconfig"; sourceTree = "<group>"; };
		4A335979A82BC42B844D2A25 /* Pods_bicycle_bicycleUITests.framework */ = {isa = PBXFileReference; explicitFileType = wrapper.framework; includeInIndex = 0; path = Pods_bicycle_bicycleUITests.framework; sourceTree = BUILT_PRODUCTS_DIR; };
		508096FC6B142CDE42108879 /* Pods_bicycleTests.framework */ = {isa = PBXFileReference; explicitFileType = wrapper.framework; includeInIndex = 0; path = Pods_bicycleTests.framework; sourceTree = BUILT_PRODUCTS_DIR; };
		BC76079FE7C8BB35A88A8DB8 /* Pods_bicycle.framework */ = {isa = PBXFileReference; explicitFileType = wrapper.framework; includeInIndex = 0; path = Pods_bicycle.framework; sourceTree = BUILT_PRODUCTS_DIR; };
		CEB504E471F460E6D453A9B7 /* Pods-bicycle.debug.xcconfig */ = {isa = PBXFileReference; includeInIndex = 1; lastKnownFileType = text.xcconfig; name = "Pods-bicycle.debug.xcconfig"; path = "Target Support Files/Pods-bicycle/Pods-bicycle.debug.xcconfig"; sourceTree = "<group>"; };
		D847DF2A8B31DE261370494A /* Pods-bicycle.release.xcconfig */ = {isa = PBXFileReference; includeInIndex = 1; lastKnownFileType = text.xcconfig; name = "Pods-bicycle.release.xcconfig"; path = "Target Support Files/Pods-bicycle/Pods-bicycle.release.xcconfig"; sourceTree = "<group>"; };
/* End PBXFileReference section */

/* Begin PBXFrameworksBuildPhase section */
		36C37EFE2487DBEE00DF3145 /* Frameworks */ = {
			isa = PBXFrameworksBuildPhase;
			buildActionMask = 2147483647;
			files = (
				366A94E0248FDA230076C56F /* MapKit.framework in Frameworks */,
				9526470FB79F06B765D071B1 /* Pods_bicycle.framework in Frameworks */,
			);
			runOnlyForDeploymentPostprocessing = 0;
		};
		36C37F172487DBF100DF3145 /* Frameworks */ = {
			isa = PBXFrameworksBuildPhase;
			buildActionMask = 2147483647;
			files = (
				B867E1A4C3F1A1386DC2926F /* Pods_bicycleTests.framework in Frameworks */,
			);
			runOnlyForDeploymentPostprocessing = 0;
		};
		36C37F222487DBF100DF3145 /* Frameworks */ = {
			isa = PBXFrameworksBuildPhase;
			buildActionMask = 2147483647;
			files = (
				9F9B3126496427C9A063027A /* Pods_bicycle_bicycleUITests.framework in Frameworks */,
			);
			runOnlyForDeploymentPostprocessing = 0;
		};
/* End PBXFrameworksBuildPhase section */

/* Begin PBXGroup section */
		365F8491248FFBF50023CAE3 /* Base */ = {
			isa = PBXGroup;
			children = (
				367C2B63248A1070009111E7 /* ViewModelType.swift */,
				367C2B61248A101B009111E7 /* BaseViewModel.swift */,
				367C2B73248A1A58009111E7 /* BaseViewController.swift */,
				367C2B7C248A32A6009111E7 /* BaseNavigationController.swift */,
				3660D8B324A4EE7F0029AE11 /* BaseTableView.swift */,
				36D293A824A5A88300C7155F /* BaseTableViewCell.swift */,
			);
			path = Base;
			sourceTree = "<group>";
		};
		365F8492248FFC010023CAE3 /* View */ = {
			isa = PBXGroup;
			children = (
				365F8493248FFC290023CAE3 /* ToastView.swift */,
				365FA2DB24A06B79000FFEA5 /* MarkerInfo.swift */,
				365FA2DD24A06B82000FFEA5 /* MarkerInfo.xib */,
				36F343EB24A9FD7400902024 /* EmptyView.swift */,
			);
			path = View;
			sourceTree = "<group>";
		};
		365FA2E424A106E6000FFEA5 /* Core */ = {
			isa = PBXGroup;
			children = (
				365FA2E624A108D3000FFEA5 /* AppGlobalRepositoryType.swift */,
				36C37F3A2487F27500DF3145 /* AppConstant.swift */,
				36D293B024A9AE9F00C7155F /* AppRepository.swift */,
				365FA2E524A106FB000FFEA5 /* Navigator */,
			);
			path = Core;
			sourceTree = "<group>";
		};
		365FA2E524A106FB000FFEA5 /* Navigator */ = {
			isa = PBXGroup;
			children = (
				36C37F3C2487F28100DF3145 /* Navigator.swift */,
				36DF35AE249A80D800EDC36D /* Transitionable.swift */,
			);
			path = Navigator;
			sourceTree = "<group>";
		};
		365FA2EC24A11844000FFEA5 /* CoreDataStorage */ = {
			isa = PBXGroup;
			children = (
				365FA2DF24A0E594000FFEA5 /* CoreDataStorage.swift */,
				36C37F0D2487DBEF00DF3145 /* bicycle.xcdatamodeld */,
			);
			path = CoreDataStorage;
			sourceTree = "<group>";
		};
		36776D502489092F005A8C9F /* Common */ = {
			isa = PBXGroup;
			children = (
				365F8492248FFC010023CAE3 /* View */,
				365F8491248FFBF50023CAE3 /* Base */,
			);
			path = Common;
			sourceTree = "<group>";
		};
		367C2B5E248A0C46009111E7 /* Favorite */ = {
			isa = PBXGroup;
			children = (
				367C2B5F248A0C6F009111E7 /* FavoriteViewController.swift */,
				367C2B69248A1655009111E7 /* FavoriteViewModel.swift */,
				36D293AE24A8F5A600C7155F /* FavoriteCell.swift */,
			);
			path = Favorite;
			sourceTree = "<group>";
		};
		367C2B67248A157A009111E7 /* User Information */ = {
			isa = PBXGroup;
			children = (
				367C2B6B248A1779009111E7 /* UserInfoViewController.swift */,
				367C2B6D248A1783009111E7 /* UserInfoViewModel.swift */,
			);
			path = "User Information";
			sourceTree = "<group>";
		};
		367C2B68248A1580009111E7 /* Station Map */ = {
			isa = PBXGroup;
			children = (
				367C2B6F248A17BC009111E7 /* StationMapViewController.swift */,
				367C2B71248A17C4009111E7 /* StationMapViewModel.swift */,
			);
			path = "Station Map";
			sourceTree = "<group>";
		};
		367C2B75248A1C9B009111E7 /* Utilites */ = {
			isa = PBXGroup;
			children = (
				36DF359624939D5300EDC36D /* Debug */,
				367C2B8A248E9DB2009111E7 /* Theme */,
				367C2B87248E7F26009111E7 /* Extension */,
				367C2B76248A1F8D009111E7 /* RxSwift */,
				367C2B83248AC55C009111E7 /* AppInfo.swift */,
			);
			path = Utilites;
			sourceTree = "<group>";
		};
		367C2B76248A1F8D009111E7 /* RxSwift */ = {
			isa = PBXGroup;
			children = (
				367C2B77248A1FA3009111E7 /* Obervable+Operator.swift */,
				36D293AA24A5DFE300C7155F /* Notification+Rx.swift */,
			);
			path = RxSwift;
			sourceTree = "<group>";
		};
		367C2B79248A23D9009111E7 /* Managers */ = {
			isa = PBXGroup;
			children = (
				365FA2EC24A11844000FFEA5 /* CoreDataStorage */,
				367C2B7A248A23EF009111E7 /* AuthManager.swift */,
				367C2B91248EA468009111E7 /* LocationManager.swift */,
			);
			path = Managers;
			sourceTree = "<group>";
		};
		367C2B7E248ABD95009111E7 /* Configuration */ = {
			isa = PBXGroup;
			children = (
				367C2B7F248AC28E009111E7 /* AppConfiguration.swift */,
				367C2B85248AD06D009111E7 /* AppConfiguration+Naver.swift */,
				36DF35872493810E00EDC36D /* AppConfiguration+SeoulBicycle.swift */,
				367C2B81248AC2AC009111E7 /* AppConfiguration.plist */,
			);
			path = Configuration;
			sourceTree = "<group>";
		};
		367C2B87248E7F26009111E7 /* Extension */ = {
			isa = PBXGroup;
			children = (
				367C2B88248E7F44009111E7 /* UIView+Addition.swift */,
				367C2B8F248E9E51009111E7 /* UIColor+Addition.swift */,
				365F8495249006200023CAE3 /* CALayer+Addition.swift */,
				36DF35922493986D00EDC36D /* Data+Decode.swift */,
				36D293AC24A647BA00C7155F /* Common+Addition.swift */,
			);
			path = Extension;
			sourceTree = "<group>";
		};
		367C2B8A248E9DB2009111E7 /* Theme */ = {
			isa = PBXGroup;
			children = (
				367C2B8B248E9DC7009111E7 /* AppTheme.swift */,
				367C2B8D248E9E06009111E7 /* ThemeColor.swift */,
				36DF35A22494652D00EDC36D /* ThemeFont.swift */,
			);
			path = Theme;
			sourceTree = "<group>";
		};
		367C2B93248EB69E009111E7 /* Scene */ = {
			isa = PBXGroup;
			children = (
				36F343EF24AC9DE500902024 /* Login */,
				367C2B68248A1580009111E7 /* Station Map */,
				36DF35A8249A748A00EDC36D /* Station Search */,
				367C2B67248A157A009111E7 /* User Information */,
				367C2B5E248A0C46009111E7 /* Favorite */,
				36C37F422488F48300DF3145 /* Main */,
			);
			path = Scene;
			sourceTree = "<group>";
		};
		367C2B94248EB6A6009111E7 /* Interactor */ = {
			isa = PBXGroup;
			children = (
				367C2B96248EB6C7009111E7 /* LocationInteractor.swift */,
				36DF35992493A04A00EDC36D /* SeoulBicycleInteractor.swift */,
				365FA2EA24A113FF000FFEA5 /* StationInteractor.swift */,
			);
			path = Interactor;
			sourceTree = "<group>";
		};
		367C2B95248EB6AF009111E7 /* Model */ = {
			isa = PBXGroup;
			children = (
				36DF359424939CE300EDC36D /* SeoulBicycleErrorModel.swift */,
				36DF359B2493A0DC00EDC36D /* StationModel.swift */,
			);
			path = Model;
			sourceTree = "<group>";
		};
		36C37EF82487DBEE00DF3145 = {
			isa = PBXGroup;
			children = (
				36C37F032487DBEE00DF3145 /* bicycle */,
				36C37F1D2487DBF100DF3145 /* bicycleTests */,
				36C37F282487DBF100DF3145 /* bicycleUITests */,
				36C37F022487DBEE00DF3145 /* Products */,
				3B461733A7689E1287DE884F /* Pods */,
				A0513138F59656EAB4A9BE7E /* Frameworks */,
			);
			sourceTree = "<group>";
		};
		36C37F022487DBEE00DF3145 /* Products */ = {
			isa = PBXGroup;
			children = (
				36C37F012487DBEE00DF3145 /* 따릉해.app */,
				36C37F1A2487DBF100DF3145 /* bicycleTests.xctest */,
				36C37F252487DBF100DF3145 /* bicycleUITests.xctest */,
			);
			name = Products;
			sourceTree = "<group>";
		};
		36C37F032487DBEE00DF3145 /* bicycle */ = {
			isa = PBXGroup;
			children = (
				36DF359E2493F01700EDC36D /* bicycle.entitlements */,
				36C37F392487F24800DF3145 /* Application */,
				36C37F402488F46A00DF3145 /* Modules */,
				36C4537424936DF100164052 /* Networking */,
				367C2B79248A23D9009111E7 /* Managers */,
				36776D502489092F005A8C9F /* Common */,
				367C2B7E248ABD95009111E7 /* Configuration */,
				367C2B75248A1C9B009111E7 /* Utilites */,
				36C37F442488F4B600DF3145 /* Resources */,
			);
			path = bicycle;
			sourceTree = "<group>";
		};
		36C37F1D2487DBF100DF3145 /* bicycleTests */ = {
			isa = PBXGroup;
			children = (
				36C37F1E2487DBF100DF3145 /* bicycleTests.swift */,
				36C37F202487DBF100DF3145 /* Info.plist */,
			);
			path = bicycleTests;
			sourceTree = "<group>";
		};
		36C37F282487DBF100DF3145 /* bicycleUITests */ = {
			isa = PBXGroup;
			children = (
				36C37F292487DBF100DF3145 /* bicycleUITests.swift */,
				36C37F2B2487DBF100DF3145 /* Info.plist */,
			);
			path = bicycleUITests;
			sourceTree = "<group>";
		};
		36C37F392487F24800DF3145 /* Application */ = {
			isa = PBXGroup;
			children = (
				36C37F042487DBEE00DF3145 /* AppDelegate.swift */,
				365FA2E224A103E7000FFEA5 /* AppDelegate+Setup.swift */,
				365FA2E424A106E6000FFEA5 /* Core */,
			);
			path = Application;
			sourceTree = "<group>";
		};
		36C37F402488F46A00DF3145 /* Modules */ = {
			isa = PBXGroup;
			children = (
				367C2B93248EB69E009111E7 /* Scene */,
				367C2B94248EB6A6009111E7 /* Interactor */,
				367C2B95248EB6AF009111E7 /* Model */,
			);
			path = Modules;
			sourceTree = "<group>";
		};
		36C37F422488F48300DF3145 /* Main */ = {
			isa = PBXGroup;
			children = (
				36C37F0A2487DBEF00DF3145 /* Main.storyboard */,
				36C37F122487DBF100DF3145 /* LaunchScreen.storyboard */,
				36C37F452489076300DF3145 /* HomeTabBarController.swift */,
				367C2B65248A1134009111E7 /* HomeTabBarViewModel.swift */,
			);
			path = Main;
			sourceTree = "<group>";
		};
		36C37F442488F4B600DF3145 /* Resources */ = {
			isa = PBXGroup;
			children = (
				36C37F102487DBF100DF3145 /* Assets.xcassets */,
				36DF359F2494639100EDC36D /* JeonggamDisplay.ttf */,
				36C37F152487DBF100DF3145 /* Info.plist */,
				36DF35A5249A473400EDC36D /* GoogleService-Info.plist */,
			);
			path = Resources;
			sourceTree = "<group>";
		};
		36C4537424936DF100164052 /* Networking */ = {
			isa = PBXGroup;
			children = (
				36DF359D2493E4D800EDC36D /* Router */,
				36DF358C2493944100EDC36D /* NetworkService.swift */,
				36DF358E2493949400EDC36D /* NetworkResponse.swift */,
				36DF3590249394A600EDC36D /* NetworkError.swift */,
			);
			path = Networking;
			sourceTree = "<group>";
		};
		36DF359624939D5300EDC36D /* Debug */ = {
			isa = PBXGroup;
			children = (
				36DF359724939D5E00EDC36D /* DebugPrint.swift */,
			);
			path = Debug;
			sourceTree = "<group>";
		};
		36DF359D2493E4D800EDC36D /* Router */ = {
			isa = PBXGroup;
			children = (
				36C4537524936E1D00164052 /* SeoulBicycleAPI.swift */,
			);
			path = Router;
			sourceTree = "<group>";
		};
		36DF35A8249A748A00EDC36D /* Station Search */ = {
			isa = PBXGroup;
			children = (
				36DF35AA249A74B100EDC36D /* StationSearchViewController.swift */,
				36DF35AC249A74BD00EDC36D /* StationSearchViewModel.swift */,
				36D293A624A5A7A400C7155F /* SearchedStationCell.swift */,
			);
			path = "Station Search";
			sourceTree = "<group>";
		};
		36F343EF24AC9DE500902024 /* Login */ = {
			isa = PBXGroup;
			children = (
			);
			path = Login;
			sourceTree = "<group>";
		};
		3B461733A7689E1287DE884F /* Pods */ = {
			isa = PBXGroup;
			children = (
				CEB504E471F460E6D453A9B7 /* Pods-bicycle.debug.xcconfig */,
				D847DF2A8B31DE261370494A /* Pods-bicycle.release.xcconfig */,
				4A13FF05ECE08FB4BC3F7913 /* Pods-bicycle-bicycleUITests.debug.xcconfig */,
				08CD4F7BD4B2082C5B8C3FE6 /* Pods-bicycle-bicycleUITests.release.xcconfig */,
				1E5BF0C6F85F43CB29CEDD57 /* Pods-bicycleTests.debug.xcconfig */,
				2B07272FC1AC75A257109B72 /* Pods-bicycleTests.release.xcconfig */,
			);
			path = Pods;
			sourceTree = "<group>";
		};
		A0513138F59656EAB4A9BE7E /* Frameworks */ = {
			isa = PBXGroup;
			children = (
				366A94DF248FDA230076C56F /* MapKit.framework */,
				BC76079FE7C8BB35A88A8DB8 /* Pods_bicycle.framework */,
				4A335979A82BC42B844D2A25 /* Pods_bicycle_bicycleUITests.framework */,
				508096FC6B142CDE42108879 /* Pods_bicycleTests.framework */,
			);
			name = Frameworks;
			sourceTree = "<group>";
		};
/* End PBXGroup section */

/* Begin PBXNativeTarget section */
		36C37F002487DBEE00DF3145 /* bicycle */ = {
			isa = PBXNativeTarget;
			buildConfigurationList = 36C37F2E2487DBF100DF3145 /* Build configuration list for PBXNativeTarget "bicycle" */;
			buildPhases = (
				F59B86BDE40D491930F7827E /* [CP] Check Pods Manifest.lock */,
				36C37EFD2487DBEE00DF3145 /* Sources */,
				36C37EFE2487DBEE00DF3145 /* Frameworks */,
				36C37EFF2487DBEE00DF3145 /* Resources */,
				07FBBA065E54B252A23A5D6B /* [CP] Embed Pods Frameworks */,
			);
			buildRules = (
			);
			dependencies = (
			);
			name = bicycle;
			productName = bicycle;
			productReference = 36C37F012487DBEE00DF3145 /* 따릉해.app */;
			productType = "com.apple.product-type.application";
		};
		36C37F192487DBF100DF3145 /* bicycleTests */ = {
			isa = PBXNativeTarget;
			buildConfigurationList = 36C37F312487DBF100DF3145 /* Build configuration list for PBXNativeTarget "bicycleTests" */;
			buildPhases = (
				5CAEADF0AD522615EEDFFD49 /* [CP] Check Pods Manifest.lock */,
				36C37F162487DBF100DF3145 /* Sources */,
				36C37F172487DBF100DF3145 /* Frameworks */,
				36C37F182487DBF100DF3145 /* Resources */,
			);
			buildRules = (
			);
			dependencies = (
				36C37F1C2487DBF100DF3145 /* PBXTargetDependency */,
			);
			name = bicycleTests;
			productName = bicycleTests;
			productReference = 36C37F1A2487DBF100DF3145 /* bicycleTests.xctest */;
			productType = "com.apple.product-type.bundle.unit-test";
		};
		36C37F242487DBF100DF3145 /* bicycleUITests */ = {
			isa = PBXNativeTarget;
			buildConfigurationList = 36C37F342487DBF100DF3145 /* Build configuration list for PBXNativeTarget "bicycleUITests" */;
			buildPhases = (
				1FBD9824F1AD6768FBE2779A /* [CP] Check Pods Manifest.lock */,
				36C37F212487DBF100DF3145 /* Sources */,
				36C37F222487DBF100DF3145 /* Frameworks */,
				36C37F232487DBF100DF3145 /* Resources */,
				545C2C347563233B43C6261B /* [CP] Embed Pods Frameworks */,
			);
			buildRules = (
			);
			dependencies = (
				36C37F272487DBF100DF3145 /* PBXTargetDependency */,
			);
			name = bicycleUITests;
			productName = bicycleUITests;
			productReference = 36C37F252487DBF100DF3145 /* bicycleUITests.xctest */;
			productType = "com.apple.product-type.bundle.ui-testing";
		};
/* End PBXNativeTarget section */

/* Begin PBXProject section */
		36C37EF92487DBEE00DF3145 /* Project object */ = {
			isa = PBXProject;
			attributes = {
				LastSwiftUpdateCheck = 1130;
				LastUpgradeCheck = 1130;
				ORGANIZATIONNAME = Jinnify;
				TargetAttributes = {
					36C37F002487DBEE00DF3145 = {
						CreatedOnToolsVersion = 11.3.1;
					};
					36C37F192487DBF100DF3145 = {
						CreatedOnToolsVersion = 11.3.1;
						TestTargetID = 36C37F002487DBEE00DF3145;
					};
					36C37F242487DBF100DF3145 = {
						CreatedOnToolsVersion = 11.3.1;
						TestTargetID = 36C37F002487DBEE00DF3145;
					};
				};
			};
			buildConfigurationList = 36C37EFC2487DBEE00DF3145 /* Build configuration list for PBXProject "bicycle" */;
			compatibilityVersion = "Xcode 9.3";
			developmentRegion = en;
			hasScannedForEncodings = 0;
			knownRegions = (
				en,
				Base,
			);
			mainGroup = 36C37EF82487DBEE00DF3145;
			productRefGroup = 36C37F022487DBEE00DF3145 /* Products */;
			projectDirPath = "";
			projectRoot = "";
			targets = (
				36C37F002487DBEE00DF3145 /* bicycle */,
				36C37F192487DBF100DF3145 /* bicycleTests */,
				36C37F242487DBF100DF3145 /* bicycleUITests */,
			);
		};
/* End PBXProject section */

/* Begin PBXResourcesBuildPhase section */
		36C37EFF2487DBEE00DF3145 /* Resources */ = {
			isa = PBXResourcesBuildPhase;
			buildActionMask = 2147483647;
			files = (
				36DF35A12494646600EDC36D /* JeonggamDisplay.ttf in Resources */,
				36C37F142487DBF100DF3145 /* LaunchScreen.storyboard in Resources */,
				367C2B82248AC2AC009111E7 /* AppConfiguration.plist in Resources */,
				36C37F112487DBF100DF3145 /* Assets.xcassets in Resources */,
				365FA2DE24A06B82000FFEA5 /* MarkerInfo.xib in Resources */,
				36C37F0C2487DBEF00DF3145 /* Main.storyboard in Resources */,
				36DF35A6249A473400EDC36D /* GoogleService-Info.plist in Resources */,
			);
			runOnlyForDeploymentPostprocessing = 0;
		};
		36C37F182487DBF100DF3145 /* Resources */ = {
			isa = PBXResourcesBuildPhase;
			buildActionMask = 2147483647;
			files = (
			);
			runOnlyForDeploymentPostprocessing = 0;
		};
		36C37F232487DBF100DF3145 /* Resources */ = {
			isa = PBXResourcesBuildPhase;
			buildActionMask = 2147483647;
			files = (
			);
			runOnlyForDeploymentPostprocessing = 0;
		};
/* End PBXResourcesBuildPhase section */

/* Begin PBXShellScriptBuildPhase section */
		07FBBA065E54B252A23A5D6B /* [CP] Embed Pods Frameworks */ = {
			isa = PBXShellScriptBuildPhase;
			buildActionMask = 2147483647;
			files = (
			);
			inputFileListPaths = (
				"${PODS_ROOT}/Target Support Files/Pods-bicycle/Pods-bicycle-frameworks-${CONFIGURATION}-input-files.xcfilelist",
			);
			name = "[CP] Embed Pods Frameworks";
			outputFileListPaths = (
				"${PODS_ROOT}/Target Support Files/Pods-bicycle/Pods-bicycle-frameworks-${CONFIGURATION}-output-files.xcfilelist",
			);
			runOnlyForDeploymentPostprocessing = 0;
			shellPath = /bin/sh;
			shellScript = "\"${PODS_ROOT}/Target Support Files/Pods-bicycle/Pods-bicycle-frameworks.sh\"\n";
			showEnvVarsInLog = 0;
		};
		1FBD9824F1AD6768FBE2779A /* [CP] Check Pods Manifest.lock */ = {
			isa = PBXShellScriptBuildPhase;
			buildActionMask = 2147483647;
			files = (
			);
			inputFileListPaths = (
			);
			inputPaths = (
				"${PODS_PODFILE_DIR_PATH}/Podfile.lock",
				"${PODS_ROOT}/Manifest.lock",
			);
			name = "[CP] Check Pods Manifest.lock";
			outputFileListPaths = (
			);
			outputPaths = (
				"$(DERIVED_FILE_DIR)/Pods-bicycle-bicycleUITests-checkManifestLockResult.txt",
			);
			runOnlyForDeploymentPostprocessing = 0;
			shellPath = /bin/sh;
			shellScript = "diff \"${PODS_PODFILE_DIR_PATH}/Podfile.lock\" \"${PODS_ROOT}/Manifest.lock\" > /dev/null\nif [ $? != 0 ] ; then\n    # print error to STDERR\n    echo \"error: The sandbox is not in sync with the Podfile.lock. Run 'pod install' or update your CocoaPods installation.\" >&2\n    exit 1\nfi\n# This output is used by Xcode 'outputs' to avoid re-running this script phase.\necho \"SUCCESS\" > \"${SCRIPT_OUTPUT_FILE_0}\"\n";
			showEnvVarsInLog = 0;
		};
		545C2C347563233B43C6261B /* [CP] Embed Pods Frameworks */ = {
			isa = PBXShellScriptBuildPhase;
			buildActionMask = 2147483647;
			files = (
			);
			inputFileListPaths = (
				"${PODS_ROOT}/Target Support Files/Pods-bicycle-bicycleUITests/Pods-bicycle-bicycleUITests-frameworks-${CONFIGURATION}-input-files.xcfilelist",
			);
			name = "[CP] Embed Pods Frameworks";
			outputFileListPaths = (
				"${PODS_ROOT}/Target Support Files/Pods-bicycle-bicycleUITests/Pods-bicycle-bicycleUITests-frameworks-${CONFIGURATION}-output-files.xcfilelist",
			);
			runOnlyForDeploymentPostprocessing = 0;
			shellPath = /bin/sh;
			shellScript = "\"${PODS_ROOT}/Target Support Files/Pods-bicycle-bicycleUITests/Pods-bicycle-bicycleUITests-frameworks.sh\"\n";
			showEnvVarsInLog = 0;
		};
		5CAEADF0AD522615EEDFFD49 /* [CP] Check Pods Manifest.lock */ = {
			isa = PBXShellScriptBuildPhase;
			buildActionMask = 2147483647;
			files = (
			);
			inputFileListPaths = (
			);
			inputPaths = (
				"${PODS_PODFILE_DIR_PATH}/Podfile.lock",
				"${PODS_ROOT}/Manifest.lock",
			);
			name = "[CP] Check Pods Manifest.lock";
			outputFileListPaths = (
			);
			outputPaths = (
				"$(DERIVED_FILE_DIR)/Pods-bicycleTests-checkManifestLockResult.txt",
			);
			runOnlyForDeploymentPostprocessing = 0;
			shellPath = /bin/sh;
			shellScript = "diff \"${PODS_PODFILE_DIR_PATH}/Podfile.lock\" \"${PODS_ROOT}/Manifest.lock\" > /dev/null\nif [ $? != 0 ] ; then\n    # print error to STDERR\n    echo \"error: The sandbox is not in sync with the Podfile.lock. Run 'pod install' or update your CocoaPods installation.\" >&2\n    exit 1\nfi\n# This output is used by Xcode 'outputs' to avoid re-running this script phase.\necho \"SUCCESS\" > \"${SCRIPT_OUTPUT_FILE_0}\"\n";
			showEnvVarsInLog = 0;
		};
		F59B86BDE40D491930F7827E /* [CP] Check Pods Manifest.lock */ = {
			isa = PBXShellScriptBuildPhase;
			buildActionMask = 2147483647;
			files = (
			);
			inputFileListPaths = (
			);
			inputPaths = (
				"${PODS_PODFILE_DIR_PATH}/Podfile.lock",
				"${PODS_ROOT}/Manifest.lock",
			);
			name = "[CP] Check Pods Manifest.lock";
			outputFileListPaths = (
			);
			outputPaths = (
				"$(DERIVED_FILE_DIR)/Pods-bicycle-checkManifestLockResult.txt",
			);
			runOnlyForDeploymentPostprocessing = 0;
			shellPath = /bin/sh;
			shellScript = "diff \"${PODS_PODFILE_DIR_PATH}/Podfile.lock\" \"${PODS_ROOT}/Manifest.lock\" > /dev/null\nif [ $? != 0 ] ; then\n    # print error to STDERR\n    echo \"error: The sandbox is not in sync with the Podfile.lock. Run 'pod install' or update your CocoaPods installation.\" >&2\n    exit 1\nfi\n# This output is used by Xcode 'outputs' to avoid re-running this script phase.\necho \"SUCCESS\" > \"${SCRIPT_OUTPUT_FILE_0}\"\n";
			showEnvVarsInLog = 0;
		};
/* End PBXShellScriptBuildPhase section */

/* Begin PBXSourcesBuildPhase section */
		36C37EFD2487DBEE00DF3145 /* Sources */ = {
			isa = PBXSourcesBuildPhase;
			buildActionMask = 2147483647;
			files = (
				365FA2E724A108D3000FFEA5 /* AppGlobalRepositoryType.swift in Sources */,
				367C2B89248E7F44009111E7 /* UIView+Addition.swift in Sources */,
				36C37F3B2487F27500DF3145 /* AppConstant.swift in Sources */,
				367C2B84248AC55C009111E7 /* AppInfo.swift in Sources */,
				36C37F3D2487F28100DF3145 /* Navigator.swift in Sources */,
				367C2B86248AD06D009111E7 /* AppConfiguration+Naver.swift in Sources */,
				367C2B8E248E9E06009111E7 /* ThemeColor.swift in Sources */,
				36C37F052487DBEE00DF3145 /* AppDelegate.swift in Sources */,
				36DF359A2493A04A00EDC36D /* SeoulBicycleInteractor.swift in Sources */,
				367C2B62248A101B009111E7 /* BaseViewModel.swift in Sources */,
				36DF358F2493949400EDC36D /* NetworkResponse.swift in Sources */,
				365F8496249006200023CAE3 /* CALayer+Addition.swift in Sources */,
				36F343EC24A9FD7400902024 /* EmptyView.swift in Sources */,
				365F8494248FFC2A0023CAE3 /* ToastView.swift in Sources */,
				36DF358D2493944100EDC36D /* NetworkService.swift in Sources */,
				367C2B72248A17C4009111E7 /* StationMapViewModel.swift in Sources */,
				36D293AF24A8F5A600C7155F /* FavoriteCell.swift in Sources */,
				367C2B74248A1A58009111E7 /* BaseViewController.swift in Sources */,
				367C2B64248A1070009111E7 /* ViewModelType.swift in Sources */,
				367C2B7B248A23EF009111E7 /* AuthManager.swift in Sources */,
				36D293B124A9AE9F00C7155F /* AppRepository.swift in Sources */,
				365FA2EB24A113FF000FFEA5 /* StationInteractor.swift in Sources */,
				36D293A724A5A7A400C7155F /* SearchedStationCell.swift in Sources */,
				367C2B92248EA468009111E7 /* LocationManager.swift in Sources */,
				365FA2E324A103E7000FFEA5 /* AppDelegate+Setup.swift in Sources */,
				36DF3591249394A600EDC36D /* NetworkError.swift in Sources */,
				367C2B90248E9E51009111E7 /* UIColor+Addition.swift in Sources */,
				36DF35882493810E00EDC36D /* AppConfiguration+SeoulBicycle.swift in Sources */,
				367C2B6E248A1783009111E7 /* UserInfoViewModel.swift in Sources */,
				36DF359824939D5E00EDC36D /* DebugPrint.swift in Sources */,
				367C2B6C248A1779009111E7 /* UserInfoViewController.swift in Sources */,
				36DF35AB249A74B100EDC36D /* StationSearchViewController.swift in Sources */,
				367C2B66248A1134009111E7 /* HomeTabBarViewModel.swift in Sources */,
				36DF35AF249A80D800EDC36D /* Transitionable.swift in Sources */,
				36C37F0F2487DBEF00DF3145 /* bicycle.xcdatamodeld in Sources */,
				367C2B8C248E9DC7009111E7 /* AppTheme.swift in Sources */,
				367C2B60248A0C6F009111E7 /* FavoriteViewController.swift in Sources */,
				365FA2E024A0E594000FFEA5 /* CoreDataStorage.swift in Sources */,
				367C2B78248A1FA3009111E7 /* Obervable+Operator.swift in Sources */,
				36D293AB24A5DFE300C7155F /* Notification+Rx.swift in Sources */,
				367C2B7D248A32A6009111E7 /* BaseNavigationController.swift in Sources */,
				3660D8B424A4EE7F0029AE11 /* BaseTableView.swift in Sources */,
				367C2B80248AC28E009111E7 /* AppConfiguration.swift in Sources */,
				36D293AD24A647BA00C7155F /* Common+Addition.swift in Sources */,
				36DF359524939CE300EDC36D /* SeoulBicycleErrorModel.swift in Sources */,
				367C2B6A248A1655009111E7 /* FavoriteViewModel.swift in Sources */,
				36DF35932493986D00EDC36D /* Data+Decode.swift in Sources */,
				36C37F462489076300DF3145 /* HomeTabBarController.swift in Sources */,
				365FA2DC24A06B79000FFEA5 /* MarkerInfo.swift in Sources */,
				367C2B70248A17BC009111E7 /* StationMapViewController.swift in Sources */,
				36DF35A32494652D00EDC36D /* ThemeFont.swift in Sources */,
				36D293A924A5A88300C7155F /* BaseTableViewCell.swift in Sources */,
				367C2B97248EB6C7009111E7 /* LocationInteractor.swift in Sources */,
				36DF359C2493A0DC00EDC36D /* StationModel.swift in Sources */,
				36C4537624936E1D00164052 /* SeoulBicycleAPI.swift in Sources */,
				36DF35AD249A74BD00EDC36D /* StationSearchViewModel.swift in Sources */,
			);
			runOnlyForDeploymentPostprocessing = 0;
		};
		36C37F162487DBF100DF3145 /* Sources */ = {
			isa = PBXSourcesBuildPhase;
			buildActionMask = 2147483647;
			files = (
				36C37F1F2487DBF100DF3145 /* bicycleTests.swift in Sources */,
			);
			runOnlyForDeploymentPostprocessing = 0;
		};
		36C37F212487DBF100DF3145 /* Sources */ = {
			isa = PBXSourcesBuildPhase;
			buildActionMask = 2147483647;
			files = (
				36C37F2A2487DBF100DF3145 /* bicycleUITests.swift in Sources */,
			);
			runOnlyForDeploymentPostprocessing = 0;
		};
/* End PBXSourcesBuildPhase section */

/* Begin PBXTargetDependency section */
		36C37F1C2487DBF100DF3145 /* PBXTargetDependency */ = {
			isa = PBXTargetDependency;
			target = 36C37F002487DBEE00DF3145 /* bicycle */;
			targetProxy = 36C37F1B2487DBF100DF3145 /* PBXContainerItemProxy */;
		};
		36C37F272487DBF100DF3145 /* PBXTargetDependency */ = {
			isa = PBXTargetDependency;
			target = 36C37F002487DBEE00DF3145 /* bicycle */;
			targetProxy = 36C37F262487DBF100DF3145 /* PBXContainerItemProxy */;
		};
/* End PBXTargetDependency section */

/* Begin PBXVariantGroup section */
		36C37F0A2487DBEF00DF3145 /* Main.storyboard */ = {
			isa = PBXVariantGroup;
			children = (
				36C37F0B2487DBEF00DF3145 /* Base */,
			);
			name = Main.storyboard;
			sourceTree = "<group>";
		};
		36C37F122487DBF100DF3145 /* LaunchScreen.storyboard */ = {
			isa = PBXVariantGroup;
			children = (
				36C37F132487DBF100DF3145 /* Base */,
			);
			name = LaunchScreen.storyboard;
			sourceTree = "<group>";
		};
/* End PBXVariantGroup section */

/* Begin XCBuildConfiguration section */
		36C37F2C2487DBF100DF3145 /* Debug */ = {
			isa = XCBuildConfiguration;
			buildSettings = {
				ALWAYS_SEARCH_USER_PATHS = NO;
				CLANG_ANALYZER_NONNULL = YES;
				CLANG_ANALYZER_NUMBER_OBJECT_CONVERSION = YES_AGGRESSIVE;
				CLANG_CXX_LANGUAGE_STANDARD = "gnu++14";
				CLANG_CXX_LIBRARY = "libc++";
				CLANG_ENABLE_MODULES = YES;
				CLANG_ENABLE_OBJC_ARC = YES;
				CLANG_ENABLE_OBJC_WEAK = YES;
				CLANG_WARN_BLOCK_CAPTURE_AUTORELEASING = YES;
				CLANG_WARN_BOOL_CONVERSION = YES;
				CLANG_WARN_COMMA = YES;
				CLANG_WARN_CONSTANT_CONVERSION = YES;
				CLANG_WARN_DEPRECATED_OBJC_IMPLEMENTATIONS = YES;
				CLANG_WARN_DIRECT_OBJC_ISA_USAGE = YES_ERROR;
				CLANG_WARN_DOCUMENTATION_COMMENTS = YES;
				CLANG_WARN_EMPTY_BODY = YES;
				CLANG_WARN_ENUM_CONVERSION = YES;
				CLANG_WARN_INFINITE_RECURSION = YES;
				CLANG_WARN_INT_CONVERSION = YES;
				CLANG_WARN_NON_LITERAL_NULL_CONVERSION = YES;
				CLANG_WARN_OBJC_IMPLICIT_RETAIN_SELF = YES;
				CLANG_WARN_OBJC_LITERAL_CONVERSION = YES;
				CLANG_WARN_OBJC_ROOT_CLASS = YES_ERROR;
				CLANG_WARN_RANGE_LOOP_ANALYSIS = YES;
				CLANG_WARN_STRICT_PROTOTYPES = YES;
				CLANG_WARN_SUSPICIOUS_MOVE = YES;
				CLANG_WARN_UNGUARDED_AVAILABILITY = YES_AGGRESSIVE;
				CLANG_WARN_UNREACHABLE_CODE = YES;
				CLANG_WARN__DUPLICATE_METHOD_MATCH = YES;
				COPY_PHASE_STRIP = NO;
				DEBUG_INFORMATION_FORMAT = dwarf;
				ENABLE_STRICT_OBJC_MSGSEND = YES;
				ENABLE_TESTABILITY = YES;
				GCC_C_LANGUAGE_STANDARD = gnu11;
				GCC_DYNAMIC_NO_PIC = NO;
				GCC_NO_COMMON_BLOCKS = YES;
				GCC_OPTIMIZATION_LEVEL = 0;
				GCC_PREPROCESSOR_DEFINITIONS = (
					"DEBUG=1",
					"$(inherited)",
				);
				GCC_WARN_64_TO_32_BIT_CONVERSION = YES;
				GCC_WARN_ABOUT_RETURN_TYPE = YES_ERROR;
				GCC_WARN_UNDECLARED_SELECTOR = YES;
				GCC_WARN_UNINITIALIZED_AUTOS = YES_AGGRESSIVE;
				GCC_WARN_UNUSED_FUNCTION = YES;
				GCC_WARN_UNUSED_VARIABLE = YES;
				IPHONEOS_DEPLOYMENT_TARGET = 13.2;
				MTL_ENABLE_DEBUG_INFO = INCLUDE_SOURCE;
				MTL_FAST_MATH = YES;
				ONLY_ACTIVE_ARCH = YES;
				SDKROOT = iphoneos;
				SWIFT_ACTIVE_COMPILATION_CONDITIONS = DEBUG;
				SWIFT_OPTIMIZATION_LEVEL = "-Onone";
			};
			name = Debug;
		};
		36C37F2D2487DBF100DF3145 /* Release */ = {
			isa = XCBuildConfiguration;
			buildSettings = {
				ALWAYS_SEARCH_USER_PATHS = NO;
				CLANG_ANALYZER_NONNULL = YES;
				CLANG_ANALYZER_NUMBER_OBJECT_CONVERSION = YES_AGGRESSIVE;
				CLANG_CXX_LANGUAGE_STANDARD = "gnu++14";
				CLANG_CXX_LIBRARY = "libc++";
				CLANG_ENABLE_MODULES = YES;
				CLANG_ENABLE_OBJC_ARC = YES;
				CLANG_ENABLE_OBJC_WEAK = YES;
				CLANG_WARN_BLOCK_CAPTURE_AUTORELEASING = YES;
				CLANG_WARN_BOOL_CONVERSION = YES;
				CLANG_WARN_COMMA = YES;
				CLANG_WARN_CONSTANT_CONVERSION = YES;
				CLANG_WARN_DEPRECATED_OBJC_IMPLEMENTATIONS = YES;
				CLANG_WARN_DIRECT_OBJC_ISA_USAGE = YES_ERROR;
				CLANG_WARN_DOCUMENTATION_COMMENTS = YES;
				CLANG_WARN_EMPTY_BODY = YES;
				CLANG_WARN_ENUM_CONVERSION = YES;
				CLANG_WARN_INFINITE_RECURSION = YES;
				CLANG_WARN_INT_CONVERSION = YES;
				CLANG_WARN_NON_LITERAL_NULL_CONVERSION = YES;
				CLANG_WARN_OBJC_IMPLICIT_RETAIN_SELF = YES;
				CLANG_WARN_OBJC_LITERAL_CONVERSION = YES;
				CLANG_WARN_OBJC_ROOT_CLASS = YES_ERROR;
				CLANG_WARN_RANGE_LOOP_ANALYSIS = YES;
				CLANG_WARN_STRICT_PROTOTYPES = YES;
				CLANG_WARN_SUSPICIOUS_MOVE = YES;
				CLANG_WARN_UNGUARDED_AVAILABILITY = YES_AGGRESSIVE;
				CLANG_WARN_UNREACHABLE_CODE = YES;
				CLANG_WARN__DUPLICATE_METHOD_MATCH = YES;
				COPY_PHASE_STRIP = NO;
				DEBUG_INFORMATION_FORMAT = "dwarf-with-dsym";
				ENABLE_NS_ASSERTIONS = NO;
				ENABLE_STRICT_OBJC_MSGSEND = YES;
				GCC_C_LANGUAGE_STANDARD = gnu11;
				GCC_NO_COMMON_BLOCKS = YES;
				GCC_WARN_64_TO_32_BIT_CONVERSION = YES;
				GCC_WARN_ABOUT_RETURN_TYPE = YES_ERROR;
				GCC_WARN_UNDECLARED_SELECTOR = YES;
				GCC_WARN_UNINITIALIZED_AUTOS = YES_AGGRESSIVE;
				GCC_WARN_UNUSED_FUNCTION = YES;
				GCC_WARN_UNUSED_VARIABLE = YES;
				IPHONEOS_DEPLOYMENT_TARGET = 13.2;
				MTL_ENABLE_DEBUG_INFO = NO;
				MTL_FAST_MATH = YES;
				SDKROOT = iphoneos;
				SWIFT_COMPILATION_MODE = wholemodule;
				SWIFT_OPTIMIZATION_LEVEL = "-O";
				VALIDATE_PRODUCT = YES;
			};
			name = Release;
		};
		36C37F2F2487DBF100DF3145 /* Debug */ = {
			isa = XCBuildConfiguration;
			baseConfigurationReference = CEB504E471F460E6D453A9B7 /* Pods-bicycle.debug.xcconfig */;
			buildSettings = {
				ASSETCATALOG_COMPILER_APPICON_NAME = AppIcon;
				CODE_SIGN_ENTITLEMENTS = bicycle/bicycle.entitlements;
				CODE_SIGN_STYLE = Automatic;
				CURRENT_PROJECT_VERSION = 1;
				DEBUG_INFORMATION_FORMAT = "dwarf-with-dsym";
				DEVELOPMENT_TEAM = CNMQE42DQF;
				INFOPLIST_FILE = "$(SRCROOT)/bicycle/Resources/Info.plist";
				IPHONEOS_DEPLOYMENT_TARGET = 11.0;
				LD_RUNPATH_SEARCH_PATHS = (
					"$(inherited)",
					"@executable_path/Frameworks",
				);
				MARKETING_VERSION = 1.2;
				PRODUCT_BUNDLE_IDENTIFIER = com.jinnify.bicycle;
				PRODUCT_NAME = "따릉해";
				SWIFT_VERSION = 5.0;
				TARGETED_DEVICE_FAMILY = "1,2";
			};
			name = Debug;
		};
		36C37F302487DBF100DF3145 /* Release */ = {
			isa = XCBuildConfiguration;
			baseConfigurationReference = D847DF2A8B31DE261370494A /* Pods-bicycle.release.xcconfig */;
			buildSettings = {
				ASSETCATALOG_COMPILER_APPICON_NAME = AppIcon;
				CODE_SIGN_ENTITLEMENTS = bicycle/bicycle.entitlements;
				CODE_SIGN_STYLE = Automatic;
				CURRENT_PROJECT_VERSION = 1;
				DEVELOPMENT_TEAM = CNMQE42DQF;
				INFOPLIST_FILE = "$(SRCROOT)/bicycle/Resources/Info.plist";
				IPHONEOS_DEPLOYMENT_TARGET = 11.0;
				LD_RUNPATH_SEARCH_PATHS = (
					"$(inherited)",
					"@executable_path/Frameworks",
				);
				MARKETING_VERSION = 1.2;
				PRODUCT_BUNDLE_IDENTIFIER = com.jinnify.bicycle;
				PRODUCT_NAME = "따릉해";
				SWIFT_VERSION = 5.0;
				TARGETED_DEVICE_FAMILY = "1,2";
			};
			name = Release;
		};
		36C37F322487DBF100DF3145 /* Debug */ = {
			isa = XCBuildConfiguration;
			baseConfigurationReference = 1E5BF0C6F85F43CB29CEDD57 /* Pods-bicycleTests.debug.xcconfig */;
			buildSettings = {
				ALWAYS_EMBED_SWIFT_STANDARD_LIBRARIES = YES;
				BUNDLE_LOADER = "$(TEST_HOST)";
				CODE_SIGN_STYLE = Automatic;
				DEVELOPMENT_TEAM = CNMQE42DQF;
				INFOPLIST_FILE = bicycleTests/Info.plist;
				IPHONEOS_DEPLOYMENT_TARGET = 13.2;
				LD_RUNPATH_SEARCH_PATHS = (
					"$(inherited)",
					"@executable_path/Frameworks",
					"@loader_path/Frameworks",
				);
				PRODUCT_BUNDLE_IDENTIFIER = com.jinnify.bicycleTests;
				PRODUCT_NAME = "$(TARGET_NAME)";
				SWIFT_VERSION = 5.0;
				TARGETED_DEVICE_FAMILY = "1,2";
				TEST_HOST = "$(BUILT_PRODUCTS_DIR)/bicycle.app/bicycle";
			};
			name = Debug;
		};
		36C37F332487DBF100DF3145 /* Release */ = {
			isa = XCBuildConfiguration;
			baseConfigurationReference = 2B07272FC1AC75A257109B72 /* Pods-bicycleTests.release.xcconfig */;
			buildSettings = {
				ALWAYS_EMBED_SWIFT_STANDARD_LIBRARIES = YES;
				BUNDLE_LOADER = "$(TEST_HOST)";
				CODE_SIGN_STYLE = Automatic;
				DEVELOPMENT_TEAM = CNMQE42DQF;
				INFOPLIST_FILE = bicycleTests/Info.plist;
				IPHONEOS_DEPLOYMENT_TARGET = 13.2;
				LD_RUNPATH_SEARCH_PATHS = (
					"$(inherited)",
					"@executable_path/Frameworks",
					"@loader_path/Frameworks",
				);
				PRODUCT_BUNDLE_IDENTIFIER = com.jinnify.bicycleTests;
				PRODUCT_NAME = "$(TARGET_NAME)";
				SWIFT_VERSION = 5.0;
				TARGETED_DEVICE_FAMILY = "1,2";
				TEST_HOST = "$(BUILT_PRODUCTS_DIR)/bicycle.app/bicycle";
			};
			name = Release;
		};
		36C37F352487DBF100DF3145 /* Debug */ = {
			isa = XCBuildConfiguration;
			baseConfigurationReference = 4A13FF05ECE08FB4BC3F7913 /* Pods-bicycle-bicycleUITests.debug.xcconfig */;
			buildSettings = {
				ALWAYS_EMBED_SWIFT_STANDARD_LIBRARIES = YES;
				CODE_SIGN_STYLE = Automatic;
				DEVELOPMENT_TEAM = CNMQE42DQF;
				INFOPLIST_FILE = bicycleUITests/Info.plist;
				LD_RUNPATH_SEARCH_PATHS = (
					"$(inherited)",
					"@executable_path/Frameworks",
					"@loader_path/Frameworks",
				);
				PRODUCT_BUNDLE_IDENTIFIER = com.jinnify.bicycleUITests;
				PRODUCT_NAME = "$(TARGET_NAME)";
				SWIFT_VERSION = 5.0;
				TARGETED_DEVICE_FAMILY = "1,2";
				TEST_TARGET_NAME = bicycle;
			};
			name = Debug;
		};
		36C37F362487DBF100DF3145 /* Release */ = {
			isa = XCBuildConfiguration;
			baseConfigurationReference = 08CD4F7BD4B2082C5B8C3FE6 /* Pods-bicycle-bicycleUITests.release.xcconfig */;
			buildSettings = {
				ALWAYS_EMBED_SWIFT_STANDARD_LIBRARIES = YES;
				CODE_SIGN_STYLE = Automatic;
				DEVELOPMENT_TEAM = CNMQE42DQF;
				INFOPLIST_FILE = bicycleUITests/Info.plist;
				LD_RUNPATH_SEARCH_PATHS = (
					"$(inherited)",
					"@executable_path/Frameworks",
					"@loader_path/Frameworks",
				);
				PRODUCT_BUNDLE_IDENTIFIER = com.jinnify.bicycleUITests;
				PRODUCT_NAME = "$(TARGET_NAME)";
				SWIFT_VERSION = 5.0;
				TARGETED_DEVICE_FAMILY = "1,2";
				TEST_TARGET_NAME = bicycle;
			};
			name = Release;
		};
/* End XCBuildConfiguration section */

/* Begin XCConfigurationList section */
		36C37EFC2487DBEE00DF3145 /* Build configuration list for PBXProject "bicycle" */ = {
			isa = XCConfigurationList;
			buildConfigurations = (
				36C37F2C2487DBF100DF3145 /* Debug */,
				36C37F2D2487DBF100DF3145 /* Release */,
			);
			defaultConfigurationIsVisible = 0;
			defaultConfigurationName = Release;
		};
		36C37F2E2487DBF100DF3145 /* Build configuration list for PBXNativeTarget "bicycle" */ = {
			isa = XCConfigurationList;
			buildConfigurations = (
				36C37F2F2487DBF100DF3145 /* Debug */,
				36C37F302487DBF100DF3145 /* Release */,
			);
			defaultConfigurationIsVisible = 0;
			defaultConfigurationName = Release;
		};
		36C37F312487DBF100DF3145 /* Build configuration list for PBXNativeTarget "bicycleTests" */ = {
			isa = XCConfigurationList;
			buildConfigurations = (
				36C37F322487DBF100DF3145 /* Debug */,
				36C37F332487DBF100DF3145 /* Release */,
			);
			defaultConfigurationIsVisible = 0;
			defaultConfigurationName = Release;
		};
		36C37F342487DBF100DF3145 /* Build configuration list for PBXNativeTarget "bicycleUITests" */ = {
			isa = XCConfigurationList;
			buildConfigurations = (
				36C37F352487DBF100DF3145 /* Debug */,
				36C37F362487DBF100DF3145 /* Release */,
			);
			defaultConfigurationIsVisible = 0;
			defaultConfigurationName = Release;
		};
/* End XCConfigurationList section */

/* Begin XCVersionGroup section */
		36C37F0D2487DBEF00DF3145 /* bicycle.xcdatamodeld */ = {
			isa = XCVersionGroup;
			children = (
				36C37F0E2487DBEF00DF3145 /* bicycle.xcdatamodel */,
			);
			currentVersion = 36C37F0E2487DBEF00DF3145 /* bicycle.xcdatamodel */;
			path = bicycle.xcdatamodeld;
			sourceTree = "<group>";
			versionGroupType = wrapper.xcdatamodel;
		};
/* End XCVersionGroup section */
	};
	rootObject = 36C37EF92487DBEE00DF3145 /* Project object */;
}
